
Microsoft Visual Studio Solution File, Format Version 12.00
# Visual Studio Version 17
VisualStudioVersion = 17.14.36717.8 d17.14
MinimumVisualStudioVersion = 10.0.40219.1
Project("{FAE04EC0-301F-11D3-BF4B-00C04F79EFBC}") = "Application", "Application\Application.csproj", "{87D4C108-06ED-446C-8AB4-EA172CA65CDD}"
EndProject
Project("{FAE04EC0-301F-11D3-BF4B-00C04F79EFBC}") = "Core", "Core\Core.csproj", "{13D8CCFD-3DD7-40E8-8235-82EC78A3EDF0}"
EndProject
Project("{FAE04EC0-301F-11D3-BF4B-00C04F79EFBC}") = "Persistence", "Persistence\Persistence.csproj", "{7648CB72-A8D3-4C51-B795-06C190E5E242}"
EndProject
Project("{FAE04EC0-301F-11D3-BF4B-00C04F79EFBC}") = "Domain", "Domain\Domain.csproj", "{FA20BA97-49E5-48B7-9818-61B192F1A27C}"
EndProject
Project("{FAE04EC0-301F-11D3-BF4B-00C04F79EFBC}") = "Infrastructure", "Infrastructure\Infrastructure.csproj", "{61D871E6-B0E2-4C36-99BD-812F619726BC}"
EndProject
Project("{FAE04EC0-301F-11D3-BF4B-00C04F79EFBC}") = "WebAPI", "WebAPI\WebAPI.csproj", "{0D0BACB6-ABBE-47EA-91CF-2232ECAB5C66}"
EndProject
Global
	GlobalSection(SolutionConfigurationPlatforms) = preSolution
		Debug|Any CPU = Debug|Any CPU
		Release|Any CPU = Release|Any CPU
	EndGlobalSection
	GlobalSection(ProjectConfigurationPlatforms) = postSolution
		{87D4C108-06ED-446C-8AB4-EA172CA65CDD}.Debug|Any CPU.ActiveCfg = Debug|Any CPU
		{87D4C108-06ED-446C-8AB4-EA172CA65CDD}.Debug|Any CPU.Build.0 = Debug|Any CPU
		{87D4C108-06ED-446C-8AB4-EA172CA65CDD}.Release|Any CPU.ActiveCfg = Release|Any CPU
		{87D4C108-06ED-446C-8AB4-EA172CA65CDD}.Release|Any CPU.Build.0 = Release|Any CPU
		{13D8CCFD-3DD7-40E8-8235-82EC78A3EDF0}.Debug|Any CPU.ActiveCfg = Debug|Any CPU
		{13D8CCFD-3DD7-40E8-8235-82EC78A3EDF0}.Debug|Any CPU.Build.0 = Debug|Any CPU
		{13D8CCFD-3DD7-40E8-8235-82EC78A3EDF0}.Release|Any CPU.ActiveCfg = Release|Any CPU
		{13D8CCFD-3DD7-40E8-8235-82EC78A3EDF0}.Release|Any CPU.Build.0 = Release|Any CPU
		{7648CB72-A8D3-4C51-B795-06C190E5E242}.Debug|Any CPU.ActiveCfg = Debug|Any CPU
		{7648CB72-A8D3-4C51-B795-06C190E5E242}.Debug|Any CPU.Build.0 = Debug|Any CPU
		{7648CB72-A8D3-4C51-B795-06C190E5E242}.Release|Any CPU.ActiveCfg = Release|Any CPU
		{7648CB72-A8D3-4C51-B795-06C190E5E242}.Release|Any CPU.Build.0 = Release|Any CPU
		{FA20BA97-49E5-48B7-9818-61B192F1A27C}.Debug|Any CPU.ActiveCfg = Debug|Any CPU
		{FA20BA97-49E5-48B7-9818-61B192F1A27C}.Debug|Any CPU.Build.0 = Debug|Any CPU
		{FA20BA97-49E5-48B7-9818-61B192F1A27C}.Release|Any CPU.ActiveCfg = Release|Any CPU
		{FA20BA97-49E5-48B7-9818-61B192F1A27C}.Release|Any CPU.Build.0 = Release|Any CPU
		{61D871E6-B0E2-4C36-99BD-812F619726BC}.Debug|Any CPU.ActiveCfg = Debug|Any CPU
		{61D871E6-B0E2-4C36-99BD-812F619726BC}.Debug|Any CPU.Build.0 = Debug|Any CPU
		{61D871E6-B0E2-4C36-99BD-812F619726BC}.Release|Any CPU.ActiveCfg = Release|Any CPU
		{61D871E6-B0E2-4C36-99BD-812F619726BC}.Release|Any CPU.Build.0 = Release|Any CPU
		{0D0BACB6-ABBE-47EA-91CF-2232ECAB5C66}.Debug|Any CPU.ActiveCfg = Debug|Any CPU
		{0D0BACB6-ABBE-47EA-91CF-2232ECAB5C66}.Debug|Any CPU.Build.0 = Debug|Any CPU
		{0D0BACB6-ABBE-47EA-91CF-2232ECAB5C66}.Release|Any CPU.ActiveCfg = Release|Any CPU
		{0D0BACB6-ABBE-47EA-91CF-2232ECAB5C66}.Release|Any CPU.Build.0 = Release|Any CPU
	EndGlobalSection
	GlobalSection(SolutionProperties) = preSolution
		HideSolutionNode = FALSE
	EndGlobalSection
	GlobalSection(ExtensibilityGlobals) = postSolution
		SolutionGuid = {D41ABD02-51DC-4416-B49B-7882580B4F92}
	EndGlobalSection
EndGlobal
